
Microsoft Visual Studio Solution File, Format Version 12.00
# Visual Studio 15
VisualStudioVersion = 15.0.27703.2047
MinimumVisualStudioVersion = 10.0.40219.1
Project("{FAE04EC0-301F-11D3-BF4B-00C04F79EFBC}") = "MusicApp", "MusicApp\MusicApp.csproj", "{3C07D6C0-B98A-448E-9914-3138FE440E0C}"
EndProject
Global
	GlobalSection(SolutionConfigurationPlatforms) = preSolution
		Debug|Any CPU = Debug|Any CPU
		Release|Any CPU = Release|Any CPU
	EndGlobalSection
	GlobalSection(ProjectConfigurationPlatforms) = postSolution
		{3C07D6C0-B98A-448E-9914-3138FE440E0C}.Debug|Any CPU.ActiveCfg = Debug|Any CPU
		{3C07D6C0-B98A-448E-9914-3138FE440E0C}.Debug|Any CPU.Build.0 = Debug|Any CPU
		{3C07D6C0-B98A-448E-9914-3138FE440E0C}.Release|Any CPU.ActiveCfg = Release|Any CPU
		{3C07D6C0-B98A-448E-9914-3138FE440E0C}.Release|Any CPU.Build.0 = Release|Any CPU
	EndGlobalSection
	GlobalSection(SolutionProperties) = preSolution
		HideSolutionNode = FALSE
	EndGlobalSection
	GlobalSection(ExtensibilityGlobals) = postSolution
		SolutionGuid = {725E0F83-7BEA-49FE-AB7B-845AE1B11244}
	EndGlobalSection
EndGlobal
